
Microsoft Visual Studio Solution File, Format Version 12.00
# Visual Studio Version 16
VisualStudioVersion = 16.0.31112.23
MinimumVisualStudioVersion = 10.0.40219.1
Project("{FAE04EC0-301F-11D3-BF4B-00C04F79EFBC}") = "PracticeLibrary", "Source\PracticeLibrary\PracticeLibrary.csproj", "{A9E37A7E-BC13-43B8-A875-A81BF7BAD5F5}"
EndProject
Global
	GlobalSection(SolutionConfigurationPlatforms) = preSolution
		Debug|Any CPU = Debug|Any CPU
		Release|Any CPU = Release|Any CPU
	EndGlobalSection
	GlobalSection(ProjectConfigurationPlatforms) = postSolution
		{A9E37A7E-BC13-43B8-A875-A81BF7BAD5F5}.Debug|Any CPU.ActiveCfg = Debug|Any CPU
		{A9E37A7E-BC13-43B8-A875-A81BF7BAD5F5}.Debug|Any CPU.Build.0 = Debug|Any CPU
		{A9E37A7E-BC13-43B8-A875-A81BF7BAD5F5}.Release|Any CPU.ActiveCfg = Release|Any CPU
		{A9E37A7E-BC13-43B8-A875-A81BF7BAD5F5}.Release|Any CPU.Build.0 = Release|Any CPU
	EndGlobalSection
	GlobalSection(SolutionProperties) = preSolution
		HideSolutionNode = FALSE
	EndGlobalSection
	GlobalSection(ExtensibilityGlobals) = postSolution
		SolutionGuid = {EC8EF671-ED6C-47FB-A1FC-3A12CFED369E}
	EndGlobalSection
EndGlobal
